// !$*UTF8*$!
{
	archiveVersion = 1;
	classes = {
	};
	objectVersion = 77;
	objects = {

/* Begin PBXContainerItemProxy section */
		E67ED9EB2F9912A300C79A3F /* PBXContainerItemProxy */ = {
			isa = PBXContainerItemProxy;
			containerPortal = E67ED9D22F9912A100C79A3F /* Project object */;
			proxyType = 1;
			remoteGlobalIDString = E67ED9D92F9912A100C79A3F;
			remoteInfo = Board_Bash_Merge;
		};
		E67ED9F52F9912A300C79A3F /* PBXContainerItemProxy */ = {
			isa = PBXContainerItemProxy;
			containerPortal = E67ED9D22F9912A100C79A3F /* Project object */;
			proxyType = 1;
			remoteGlobalIDString = E67ED9D92F9912A100C79A3F;
			remoteInfo = Board_Bash_Merge;
		};
/* End PBXContainerItemProxy section */

/* Begin PBXFileReference section */
		E67ED9DA2F9912A100C79A3F /* Board_Bash_Merge.app */ = {isa = PBXFileReference; explicitFileType = wrapper.application; includeInIndex = 0; path = Board_Bash_Merge.app; sourceTree = BUILT_PRODUCTS_DIR; };
		E67ED9EA2F9912A300C79A3F /* Board_Bash_MergeTests.xctest */ = {isa = PBXFileReference; explicitFileType = wrapper.cfbundle; includeInIndex = 0; path = Board_Bash_MergeTests.xctest; sourceTree = BUILT_PRODUCTS_DIR; };
		E67ED9F42F9912A300C79A3F /* Board_Bash_MergeUITests.xctest */ = {isa = PBXFileReference; explicitFileType = wrapper.cfbundle; includeInIndex = 0; path = Board_Bash_MergeUITests.xctest; sourceTree = BUILT_PRODUCTS_DIR; };
/* End PBXFileReference section */

/* Begin PBXFileSystemSynchronizedRootGroup section */
		E67ED9DC2F9912A100C79A3F /* Board_Bash_Merge */ = {
			isa = PBXFileSystemSynchronizedRootGroup;
			path = Board_Bash_Merge;
			sourceTree = "<group>";
		};
		E67ED9ED2F9912A300C79A3F /* Board_Bash_MergeTests */ = {
			isa = PBXFileSystemSynchronizedRootGroup;
			path = Board_Bash_MergeTests;
			sourceTree = "<group>";
		};
		E67ED9F72F9912A300C79A3F /* Board_Bash_MergeUITests */ = {
			isa = PBXFileSystemSynchronizedRootGroup;
			path = Board_Bash_MergeUITests;
			sourceTree = "<group>";
		};
/* End PBXFileSystemSynchronizedRootGroup section */

/* Begin PBXFrameworksBuildPhase section */
		E67ED9D72F9912A100C79A3F /* Frameworks */ = {
			isa = PBXFrameworksBuildPhase;
			buildActionMask = 2147483647;
			files = (
			);
			runOnlyForDeploymentPostprocessing = 0;
		};
		E67ED9E72F9912A300C79A3F /* Frameworks */ = {
			isa = PBXFrameworksBuildPhase;
			buildActionMask = 2147483647;
			files = (
			);
			runOnlyForDeploymentPostprocessing = 0;
		};
		E67ED9F12F9912A300C79A3F /* Frameworks */ = {
			isa = PBXFrameworksBuildPhase;
			buildActionMask = 2147483647;
			files = (
			);
			runOnlyForDeploymentPostprocessing = 0;
		};
/* End PBXFrameworksBuildPhase section */

/* Begin PBXGroup section */
		E67ED9D12F9912A100C79A3F = {
			isa = PBXGroup;
			children = (
				E67ED9DC2F9912A100C79A3F /* Board_Bash_Merge */,
				E67ED9ED2F9912A300C79A3F /* Board_Bash_MergeTests */,
				E67ED9F72F9912A300C79A3F /* Board_Bash_MergeUITests */,
				E67ED9DB2F9912A100C79A3F /* Products */,
			);
			sourceTree = "<group>";
		};
		E67ED9DB2F9912A100C79A3F /* Products */ = {
			isa = PBXGroup;
			children = (
				E67ED9DA2F9912A100C79A3F /* Board_Bash_Merge.app */,
				E67ED9EA2F9912A300C79A3F /* Board_Bash_MergeTests.xctest */,
				E67ED9F42F9912A300C79A3F /* Board_Bash_MergeUITests.xctest */,
			);
			name = Products;
			sourceTree = "<group>";
		};
/* End PBXGroup section */

/* Begin PBXNativeTarget section */
		E67ED9D92F9912A100C79A3F /* Board_Bash_Merge */ = {
			isa = PBXNativeTarget;
			buildConfigurationList = E67ED9FE2F9912A300C79A3F /* Build configuration list for PBXNativeTarget "Board_Bash_Merge" */;
			buildPhases = (
				E67ED9D62F9912A100C79A3F /* Sources */,
				E67ED9D72F9912A100C79A3F /* Frameworks */,
				E67ED9D82F9912A100C79A3F /* Resources */,
			);
			buildRules = (
			);
			dependencies = (
			);
			fileSystemSynchronizedGroups = (
				E67ED9DC2F9912A100C79A3F /* Board_Bash_Merge */,
			);
			name = Board_Bash_Merge;
			packageProductDependencies = (
			);
			productName = Board_Bash_Merge;
			productReference = E67ED9DA2F9912A100C79A3F /* Board_Bash_Merge.app */;
			productType = "com.apple.product-type.application";
		};
		E67ED9E92F9912A300C79A3F /* Board_Bash_MergeTests */ = {
			isa = PBXNativeTarget;
			buildConfigurationList = E67EDA012F9912A300C79A3F /* Build configuration list for PBXNativeTarget "Board_Bash_MergeTests" */;
			buildPhases = (
				E67ED9E62F9912A300C79A3F /* Sources */,
				E67ED9E72F9912A300C79A3F /* Frameworks */,
				E67ED9E82F9912A300C79A3F /* Resources */,
			);
			buildRules = (
			);
			dependencies = (
				E67ED9EC2F9912A300C79A3F /* PBXTargetDependency */,
			);
			fileSystemSynchronizedGroups = (
				E67ED9ED2F9912A300C79A3F /* Board_Bash_MergeTests */,
			);
			name = Board_Bash_MergeTests;
			packageProductDependencies = (
			);
			productName = Board_Bash_MergeTests;
			productReference = E67ED9EA2F9912A300C79A3F /* Board_Bash_MergeTests.xctest */;
			productType = "com.apple.product-type.bundle.unit-test";
		};
		E67ED9F32F9912A300C79A3F /* Board_Bash_MergeUITests */ = {
			isa = PBXNativeTarget;
			buildConfigurationList = E67EDA042F9912A300C79A3F /* Build configuration list for PBXNativeTarget "Board_Bash_MergeUITests" */;
			buildPhases = (
				E67ED9F02F9912A300C79A3F /* Sources */,
				E67ED9F12F9912A300C79A3F /* Frameworks */,
				E67ED9F22F9912A300C79A3F /* Resources */,
			);
			buildRules = (
			);
			dependencies = (
				E67ED9F62F9912A300C79A3F /* PBXTargetDependency */,
			);
			fileSystemSynchronizedGroups = (
				E67ED9F72F9912A300C79A3F /* Board_Bash_MergeUITests */,
			);
			name = Board_Bash_MergeUITests;
			packageProductDependencies = (
			);
			productName = Board_Bash_MergeUITests;
			productReference = E67ED9F42F9912A300C79A3F /* Board_Bash_MergeUITests.xctest */;
			productType = "com.apple.product-type.bundle.ui-testing";
		};
/* End PBXNativeTarget section */

/* Begin PBXProject section */
		E67ED9D22F9912A100C79A3F /* Project object */ = {
			isa = PBXProject;
			attributes = {
				BuildIndependentTargetsInParallel = 1;
				LastSwiftUpdateCheck = 1620;
				LastUpgradeCheck = 1620;
				TargetAttributes = {
					E67ED9D92F9912A100C79A3F = {
						CreatedOnToolsVersion = 16.2;
					};
					E67ED9E92F9912A300C79A3F = {
						CreatedOnToolsVersion = 16.2;
						TestTargetID = E67ED9D92F9912A100C79A3F;
					};
					E67ED9F32F9912A300C79A3F = {
						CreatedOnToolsVersion = 16.2;
						TestTargetID = E67ED9D92F9912A100C79A3F;
					};
				};
			};
			buildConfigurationList = E67ED9D52F9912A100C79A3F /* Build configuration list for PBXProject "Board_Bash_Merge" */;
			developmentRegion = en;
			hasScannedForEncodings = 0;
			knownRegions = (
				en,
				Base,
			);
			mainGroup = E67ED9D12F9912A100C79A3F;
			minimizedProjectReferenceProxies = 1;
			preferredProjectObjectVersion = 77;
			productRefGroup = E67ED9DB2F9912A100C79A3F /* Products */;
			projectDirPath = "";
			projectRoot = "";
			targets = (
				E67ED9D92F9912A100C79A3F /* Board_Bash_Merge */,
				E67ED9E92F9912A300C79A3F /* Board_Bash_MergeTests */,
				E67ED9F32F9912A300C79A3F /* Board_Bash_MergeUITests */,
			);
		};
/* End PBXProject section */

/* Begin PBXResourcesBuildPhase section */
		E67ED9D82F9912A100C79A3F /* Resources */ = {
			isa = PBXResourcesBuildPhase;
			buildActionMask = 2147483647;
			files = (
			);
			runOnlyForDeploymentPostprocessing = 0;
		};
		E67ED9E82F9912A300C79A3F /* Resources */ = {
			isa = PBXResourcesBuildPhase;
			buildActionMask = 2147483647;
			files = (
			);
			runOnlyForDeploymentPostprocessing = 0;
		};
		E67ED9F22F9912A300C79A3F /* Resources */ = {
			isa = PBXResourcesBuildPhase;
			buildActionMask = 2147483647;
			files = (
			);
			runOnlyForDeploymentPostprocessing = 0;
		};
/* End PBXResourcesBuildPhase section */

/* Begin PBXSourcesBuildPhase section */
		E67ED9D62F9912A100C79A3F /* Sources */ = {
			isa = PBXSourcesBuildPhase;
			buildActionMask = 2147483647;
			files = (
			);
			runOnlyForDeploymentPostprocessing = 0;
		};
		E67ED9E62F9912A300C79A3F /* Sources */ = {
			isa = PBXSourcesBuildPhase;
			buildActionMask = 2147483647;
			files = (
			);
			runOnlyForDeploymentPostprocessing = 0;
		};
		E67ED9F02F9912A300C79A3F /* Sources */ = {
			isa = PBXSourcesBuildPhase;
			buildActionMask = 2147483647;
			files = (
			);
			runOnlyForDeploymentPostprocessing = 0;
		};
/* End PBXSourcesBuildPhase section */

/* Begin PBXTargetDependency section */
		E67ED9EC2F9912A300C79A3F /* PBXTargetDependency */ = {
			isa = PBXTargetDependency;
			target = E67ED9D92F9912A100C79A3F /* Board_Bash_Merge */;
			targetProxy = E67ED9EB2F9912A300C79A3F /* PBXContainerItemProxy */;
		};
		E67ED9F62F9912A300C79A3F /* PBXTargetDependency */ = {
			isa = PBXTargetDependency;
			target = E67ED9D92F9912A100C79A3F /* Board_Bash_Merge */;
			targetProxy = E67ED9F52F9912A300C79A3F /* PBXContainerItemProxy */;
		};
/* End PBXTargetDependency section */

/* Begin XCBuildConfiguration section */
		E67ED9FC2F9912A300C79A3F /* Debug */ = {
			isa = XCBuildConfiguration;
			buildSettings = {
				ALWAYS_SEARCH_USER_PATHS = NO;
				ASSETCATALOG_COMPILER_GENERATE_SWIFT_ASSET_SYMBOL_EXTENSIONS = YES;
				CLANG_ANALYZER_NONNULL = YES;
				CLANG_ANALYZER_NUMBER_OBJECT_CONVERSION = YES_AGGRESSIVE;
				CLANG_CXX_LANGUAGE_STANDARD = "gnu++20";
				CLANG_ENABLE_MODULES = YES;
				CLANG_ENABLE_OBJC_ARC = YES;
				CLANG_ENABLE_OBJC_WEAK = YES;
				CLANG_WARN_BLOCK_CAPTURE_AUTORELEASING = YES;
				CLANG_WARN_BOOL_CONVERSION = YES;
				CLANG_WARN_COMMA = YES;
				CLANG_WARN_CONSTANT_CONVERSION = YES;
				CLANG_WARN_DEPRECATED_OBJC_IMPLEMENTATIONS = YES;
				CLANG_WARN_DIRECT_OBJC_ISA_USAGE = YES_ERROR;
				CLANG_WARN_DOCUMENTATION_COMMENTS = YES;
				CLANG_WARN_EMPTY_BODY = YES;
				CLANG_WARN_ENUM_CONVERSION = YES;
				CLANG_WARN_INFINITE_RECURSION = YES;
				CLANG_WARN_INT_CONVERSION = YES;
				CLANG_WARN_NON_LITERAL_NULL_CONVERSION = YES;
				CLANG_WARN_OBJC_IMPLICIT_RETAIN_SELF = YES;
				CLANG_WARN_OBJC_LITERAL_CONVERSION = YES;
				CLANG_WARN_OBJC_ROOT_CLASS = YES_ERROR;
				CLANG_WARN_QUOTED_INCLUDE_IN_FRAMEWORK_HEADER = YES;
				CLANG_WARN_RANGE_LOOP_ANALYSIS = YES;
				CLANG_WARN_STRICT_PROTOTYPES = YES;
				CLANG_WARN_SUSPICIOUS_MOVE = YES;
				CLANG_WARN_UNGUARDED_AVAILABILITY = YES_AGGRESSIVE;
				CLANG_WARN_UNREACHABLE_CODE = YES;
				CLANG_WARN__DUPLICATE_METHOD_MATCH = YES;
				COPY_PHASE_STRIP = NO;
				DEBUG_INFORMATION_FORMAT = dwarf;
				ENABLE_STRICT_OBJC_MSGSEND = YES;
				ENABLE_TESTABILITY = YES;
				ENABLE_USER_SCRIPT_SANDBOXING = YES;
				GCC_C_LANGUAGE_STANDARD = gnu17;
				GCC_DYNAMIC_NO_PIC = NO;
				GCC_NO_COMMON_BLOCKS = YES;
				GCC_OPTIMIZATION_LEVEL = 0;
				GCC_PREPROCESSOR_DEFINITIONS = (
					"DEBUG=1",
					"$(inherited)",
				);
				GCC_WARN_64_TO_32_BIT_CONVERSION = YES;
				GCC_WARN_ABOUT_RETURN_TYPE = YES_ERROR;
				GCC_WARN_UNDECLARED_SELECTOR = YES;
				GCC_WARN_UNINITIALIZED_AUTOS = YES_AGGRESSIVE;
				GCC_WARN_UNUSED_FUNCTION = YES;
				GCC_WARN_UNUSED_VARIABLE = YES;
				IPHONEOS_DEPLOYMENT_TARGET = 18.2;
				LOCALIZATION_PREFERS_STRING_CATALOGS = YES;
				MTL_ENABLE_DEBUG_INFO = INCLUDE_SOURCE;
				MTL_FAST_MATH = YES;
				ONLY_ACTIVE_ARCH = YES;
				SDKROOT = iphoneos;
				SWIFT_ACTIVE_COMPILATION_CONDITIONS = "DEBUG $(inherited)";
				SWIFT_OPTIMIZATION_LEVEL = "-Onone";
			};
			name = Debug;
		};
		E67ED9FD2F9912A300C79A3F /* Release */ = {
			isa = XCBuildConfiguration;
			buildSettings = {
				ALWAYS_SEARCH_USER_PATHS = NO;
				ASSETCATALOG_COMPILER_GENERATE_SWIFT_ASSET_SYMBOL_EXTENSIONS = YES;
				CLANG_ANALYZER_NONNULL = YES;
				CLANG_ANALYZER_NUMBER_OBJECT_CONVERSION = YES_AGGRESSIVE;
				CLANG_CXX_LANGUAGE_STANDARD = "gnu++20";
				CLANG_ENABLE_MODULES = YES;
				CLANG_ENABLE_OBJC_ARC = YES;
				CLANG_ENABLE_OBJC_WEAK = YES;
				CLANG_WARN_BLOCK_CAPTURE_AUTORELEASING = YES;
				CLANG_WARN_BOOL_CONVERSION = YES;
				CLANG_WARN_COMMA = YES;
				CLANG_WARN_CONSTANT_CONVERSION = YES;
				CLANG_WARN_DEPRECATED_OBJC_IMPLEMENTATIONS = YES;
				CLANG_WARN_DIRECT_OBJC_ISA_USAGE = YES_ERROR;
				CLANG_WARN_DOCUMENTATION_COMMENTS = YES;
				CLANG_WARN_EMPTY_BODY = YES;
				CLANG_WARN_ENUM_CONVERSION = YES;
				CLANG_WARN_INFINITE_RECURSION = YES;
				CLANG_WARN_INT_CONVERSION = YES;
				CLANG_WARN_NON_LITERAL_NULL_CONVERSION = YES;
				CLANG_WARN_OBJC_IMPLICIT_RETAIN_SELF = YES;
				CLANG_WARN_OBJC_LITERAL_CONVERSION = YES;
				CLANG_WARN_OBJC_ROOT_CLASS = YES_ERROR;
				CLANG_WARN_QUOTED_INCLUDE_IN_FRAMEWORK_HEADER = YES;
				CLANG_WARN_RANGE_LOOP_ANALYSIS = YES;
				CLANG_WARN_STRICT_PROTOTYPES = YES;
				CLANG_WARN_SUSPICIOUS_MOVE = YES;
				CLANG_WARN_UNGUARDED_AVAILABILITY = YES_AGGRESSIVE;
				CLANG_WARN_UNREACHABLE_CODE = YES;
				CLANG_WARN__DUPLICATE_METHOD_MATCH = YES;
				COPY_PHASE_STRIP = NO;
				DEBUG_INFORMATION_FORMAT = "dwarf-with-dsym";
				ENABLE_NS_ASSERTIONS = NO;
				ENABLE_STRICT_OBJC_MSGSEND = YES;
				ENABLE_USER_SCRIPT_SANDBOXING = YES;
				GCC_C_LANGUAGE_STANDARD = gnu17;
				GCC_NO_COMMON_BLOCKS = YES;
				GCC_WARN_64_TO_32_BIT_CONVERSION = YES;
				GCC_WARN_ABOUT_RETURN_TYPE = YES_ERROR;
				GCC_WARN_UNDECLARED_SELECTOR = YES;
				GCC_WARN_UNINITIALIZED_AUTOS = YES_AGGRESSIVE;
				GCC_WARN_UNUSED_FUNCTION = YES;
				GCC_WARN_UNUSED_VARIABLE = YES;
				IPHONEOS_DEPLOYMENT_TARGET = 18.2;
				LOCALIZATION_PREFERS_STRING_CATALOGS = YES;
				MTL_ENABLE_DEBUG_INFO = NO;
				MTL_FAST_MATH = YES;
				SDKROOT = iphoneos;
				SWIFT_COMPILATION_MODE = wholemodule;
				VALIDATE_PRODUCT = YES;
			};
			name = Release;
		};
		E67ED9FF2F9912A300C79A3F /* Debug */ = {
			isa = XCBuildConfiguration;
			buildSettings = {
				ASSETCATALOG_COMPILER_APPICON_NAME = AppIcon;
				ASSETCATALOG_COMPILER_GLOBAL_ACCENT_COLOR_NAME = AccentColor;
				CODE_SIGN_STYLE = Automatic;
				CURRENT_PROJECT_VERSION = 1;
				DEVELOPMENT_ASSET_PATHS = "\"Board_Bash_Merge/Preview Content\"";
				ENABLE_PREVIEWS = YES;
				GENERATE_INFOPLIST_FILE = YES;
				INFOPLIST_KEY_UIApplicationSceneManifest_Generation = YES;
				INFOPLIST_KEY_UIApplicationSupportsIndirectInputEvents = YES;
				INFOPLIST_KEY_UILaunchScreen_Generation = YES;
				INFOPLIST_KEY_UISupportedInterfaceOrientations_iPad = "UIInterfaceOrientationPortrait UIInterfaceOrientationPortraitUpsideDown UIInterfaceOrientationLandscapeLeft UIInterfaceOrientationLandscapeRight";
				INFOPLIST_KEY_UISupportedInterfaceOrientations_iPhone = "UIInterfaceOrientationPortrait UIInterfaceOrientationLandscapeLeft UIInterfaceOrientationLandscapeRight";
				LD_RUNPATH_SEARCH_PATHS = (
					"$(inherited)",
					"@executable_path/Frameworks",
				);
				MARKETING_VERSION = 1.0;
				PRODUCT_BUNDLE_IDENTIFIER = "org.epschools.Board-Bash-Merge";
				PRODUCT_NAME = "$(TARGET_NAME)";
				SWIFT_EMIT_LOC_STRINGS = YES;
				SWIFT_VERSION = 5.0;
				TARGETED_DEVICE_FAMILY = "1,2";
			};
			name = Debug;
		};
		E67EDA002F9912A300C79A3F /* Release */ = {
			isa = XCBuildConfiguration;
			buildSettings = {
				ASSETCATALOG_COMPILER_APPICON_NAME = AppIcon;
				ASSETCATALOG_COMPILER_GLOBAL_ACCENT_COLOR_NAME = AccentColor;
				CODE_SIGN_STYLE = Automatic;
				CURRENT_PROJECT_VERSION = 1;
				DEVELOPMENT_ASSET_PATHS = "\"Board_Bash_Merge/Preview Content\"";
				ENABLE_PREVIEWS = YES;
				GENERATE_INFOPLIST_FILE = YES;
				INFOPLIST_KEY_UIApplicationSceneManifest_Generation = YES;
				INFOPLIST_KEY_UIApplicationSupportsIndirectInputEvents = YES;
				INFOPLIST_KEY_UILaunchScreen_Generation = YES;
				INFOPLIST_KEY_UISupportedInterfaceOrientations_iPad = "UIInterfaceOrientationPortrait UIInterfaceOrientationPortraitUpsideDown UIInterfaceOrientationLandscapeLeft UIInterfaceOrientationLandscapeRight";
				INFOPLIST_KEY_UISupportedInterfaceOrientations_iPhone = "UIInterfaceOrientationPortrait UIInterfaceOrientationLandscapeLeft UIInterfaceOrientationLandscapeRight";
				LD_RUNPATH_SEARCH_PATHS = (
					"$(inherited)",
					"@executable_path/Frameworks",
				);
				MARKETING_VERSION = 1.0;
				PRODUCT_BUNDLE_IDENTIFIER = "org.epschools.Board-Bash-Merge";
				PRODUCT_NAME = "$(TARGET_NAME)";
				SWIFT_EMIT_LOC_STRINGS = YES;
				SWIFT_VERSION = 5.0;
				TARGETED_DEVICE_FAMILY = "1,2";
			};
			name = Release;
		};
		E67EDA022F9912A300C79A3F /* Debug */ = {
			isa = XCBuildConfiguration;
			buildSettings = {
				BUNDLE_LOADER = "$(TEST_HOST)";
				CODE_SIGN_STYLE = Automatic;
				CURRENT_PROJECT_VERSION = 1;
				GENERATE_INFOPLIST_FILE = YES;
				IPHONEOS_DEPLOYMENT_TARGET = 18.2;
				MARKETING_VERSION = 1.0;
				PRODUCT_BUNDLE_IDENTIFIER = "org.epschools.Board-Bash-MergeTests";
				PRODUCT_NAME = "$(TARGET_NAME)";
				SWIFT_EMIT_LOC_STRINGS = NO;
				SWIFT_VERSION = 5.0;
				TARGETED_DEVICE_FAMILY = "1,2";
				TEST_HOST = "$(BUILT_PRODUCTS_DIR)/Board_Bash_Merge.app/$(BUNDLE_EXECUTABLE_FOLDER_PATH)/Board_Bash_Merge";
			};
			name = Debug;
		};
		E67EDA032F9912A300C79A3F /* Release */ = {
			isa = XCBuildConfiguration;
			buildSettings = {
				BUNDLE_LOADER = "$(TEST_HOST)";
				CODE_SIGN_STYLE = Automatic;
				CURRENT_PROJECT_VERSION = 1;
				GENERATE_INFOPLIST_FILE = YES;
				IPHONEOS_DEPLOYMENT_TARGET = 18.2;
				MARKETING_VERSION = 1.0;
				PRODUCT_BUNDLE_IDENTIFIER = "org.epschools.Board-Bash-MergeTests";
				PRODUCT_NAME = "$(TARGET_NAME)";
				SWIFT_EMIT_LOC_STRINGS = NO;
				SWIFT_VERSION = 5.0;
				TARGETED_DEVICE_FAMILY = "1,2";
				TEST_HOST = "$(BUILT_PRODUCTS_DIR)/Board_Bash_Merge.app/$(BUNDLE_EXECUTABLE_FOLDER_PATH)/Board_Bash_Merge";
			};
			name = Release;
		};
		E67EDA052F9912A300C79A3F /* Debug */ = {
			isa = XCBuildConfiguration;
			buildSettings = {
				CODE_SIGN_STYLE = Automatic;
				CURRENT_PROJECT_VERSION = 1;
				GENERATE_INFOPLIST_FILE = YES;
				MARKETING_VERSION = 1.0;
				PRODUCT_BUNDLE_IDENTIFIER = "org.epschools.Board-Bash-MergeUITests";
				PRODUCT_NAME = "$(TARGET_NAME)";
				SWIFT_EMIT_LOC_STRINGS = NO;
				SWIFT_VERSION = 5.0;
				TARGETED_DEVICE_FAMILY = "1,2";
				TEST_TARGET_NAME = Board_Bash_Merge;
			};
			name = Debug;
		};
		E67EDA062F9912A300C79A3F /* Release */ = {
			isa = XCBuildConfiguration;
			buildSettings = {
				CODE_SIGN_STYLE = Automatic;
				CURRENT_PROJECT_VERSION = 1;
				GENERATE_INFOPLIST_FILE = YES;
				MARKETING_VERSION = 1.0;
				PRODUCT_BUNDLE_IDENTIFIER = "org.epschools.Board-Bash-MergeUITests";
				PRODUCT_NAME = "$(TARGET_NAME)";
				SWIFT_EMIT_LOC_STRINGS = NO;
				SWIFT_VERSION = 5.0;
				TARGETED_DEVICE_FAMILY = "1,2";
				TEST_TARGET_NAME = Board_Bash_Merge;
			};
			name = Release;
		};
/* End XCBuildConfiguration section */

/* Begin XCConfigurationList section */
		E67ED9D52F9912A100C79A3F /* Build configuration list for PBXProject "Board_Bash_Merge" */ = {
			isa = XCConfigurationList;
			buildConfigurations = (
				E67ED9FC2F9912A300C79A3F /* Debug */,
				E67ED9FD2F9912A300C79A3F /* Release */,
			);
			defaultConfigurationIsVisible = 0;
			defaultConfigurationName = Release;
		};
		E67ED9FE2F9912A300C79A3F /* Build configuration list for PBXNativeTarget "Board_Bash_Merge" */ = {
			isa = XCConfigurationList;
			buildConfigurations = (
				E67ED9FF2F9912A300C79A3F /* Debug */,
				E67EDA002F9912A300C79A3F /* Release */,
			);
			defaultConfigurationIsVisible = 0;
			defaultConfigurationName = Release;
		};
		E67EDA012F9912A300C79A3F /* Build configuration list for PBXNativeTarget "Board_Bash_MergeTests" */ = {
			isa = XCConfigurationList;
			buildConfigurations = (
				E67EDA022F9912A300C79A3F /* Debug */,
				E67EDA032F9912A300C79A3F /* Release */,
			);
			defaultConfigurationIsVisible = 0;
			defaultConfigurationName = Release;
		};
		E67EDA042F9912A300C79A3F /* Build configuration list for PBXNativeTarget "Board_Bash_MergeUITests" */ = {
			isa = XCConfigurationList;
			buildConfigurations = (
				E67EDA052F9912A300C79A3F /* Debug */,
				E67EDA062F9912A300C79A3F /* Release */,
			);
			defaultConfigurationIsVisible = 0;
			defaultConfigurationName = Release;
		};
/* End XCConfigurationList section */
	};
	rootObject = E67ED9D22F9912A100C79A3F /* Project object */;
}
